
Microsoft Visual Studio Solution File, Format Version 12.00
# Visual Studio 15
VisualStudioVersion = 15.0.26730.15
MinimumVisualStudioVersion = 10.0.40219.1
Project("{FAE04EC0-301F-11D3-BF4B-00C04F79EFBC}") = "25.11.17_Generics_Collections", "25.11.17_Generics_Collections\25.11.17_Generics_Collections.csproj", "{ED679C48-4CCC-4924-9DDA-213B55CC5EE5}"
EndProject
Global
	GlobalSection(SolutionConfigurationPlatforms) = preSolution
		Debug|Any CPU = Debug|Any CPU
		Release|Any CPU = Release|Any CPU
	EndGlobalSection
	GlobalSection(ProjectConfigurationPlatforms) = postSolution
		{ED679C48-4CCC-4924-9DDA-213B55CC5EE5}.Debug|Any CPU.ActiveCfg = Debug|Any CPU
		{ED679C48-4CCC-4924-9DDA-213B55CC5EE5}.Debug|Any CPU.Build.0 = Debug|Any CPU
		{ED679C48-4CCC-4924-9DDA-213B55CC5EE5}.Release|Any CPU.ActiveCfg = Release|Any CPU
		{ED679C48-4CCC-4924-9DDA-213B55CC5EE5}.Release|Any CPU.Build.0 = Release|Any CPU
	EndGlobalSection
	GlobalSection(SolutionProperties) = preSolution
		HideSolutionNode = FALSE
	EndGlobalSection
	GlobalSection(ExtensibilityGlobals) = postSolution
		SolutionGuid = {12ADB46C-ADDA-4C1F-AF47-9A42073046A9}
	EndGlobalSection
EndGlobal
